
Microsoft Visual Studio Solution File, Format Version 12.00
# Visual Studio 14
VisualStudioVersion = 14.0.24720.0
MinimumVisualStudioVersion = 10.0.40219.1
Project("{FAE04EC0-301F-11D3-BF4B-00C04F79EFBC}") = "A000_Platform___", "A000_Platform___\A000_Platform___.csproj", "{147B11E0-827B-4D3F-844C-ADF2BEAFA53F}"
EndProject
Project("{FAE04EC0-301F-11D3-BF4B-00C04F79EFBC}") = "A030_Collection_", "A030_Collection_\A030_Collection_.csproj", "{5D5136E3-CCB5-4DFD-9A62-738079B454CD}"
EndProject
Project("{FAE04EC0-301F-11D3-BF4B-00C04F79EFBC}") = "A060_Application", "A060_Application\A060_Application.csproj", "{8AC05075-A6EF-4779-B18C-3D0E801A4BCD}"
EndProject
Project("{FAE04EC0-301F-11D3-BF4B-00C04F79EFBC}") = "A090_UsiFramewor", "A090_UsiFramewor\A090_UsiFramewor.csproj", "{EAAE7F89-1539-4AFF-BAC6-5E9004AD427E}"
EndProject
Project("{FAE04EC0-301F-11D3-BF4B-00C04F79EFBC}") = "A120_KifuSfen___", "A120_KifuSfen___\A120_KifuSfen___.csproj", "{B0982362-AB7F-45A6-AF5F-C9FDFA49F9DD}"
EndProject
Project("{FAE04EC0-301F-11D3-BF4B-00C04F79EFBC}") = "A150_LogKyokuPng", "A150_LogKyokuPng\A150_LogKyokuPng.csproj", "{6F26BAE0-8E17-4FDA-A242-D1D7C4DB2507}"
EndProject
Project("{FAE04EC0-301F-11D3-BF4B-00C04F79EFBC}") = "A180_KifuCsa____", "A180_KifuCsa____\A180_KifuCsa____.csproj", "{ABED6201-9999-44CD-A91B-4CA01CC89006}"
EndProject
Project("{FAE04EC0-301F-11D3-BF4B-00C04F79EFBC}") = "A210_KnowNingen_", "A210_KnowNingen_\A210_KnowNingen_.csproj", "{2CFB37AE-2D9E-4478-ABD8-1EAAAF98F223}"
EndProject
Project("{FAE04EC0-301F-11D3-BF4B-00C04F79EFBC}") = "A450_Server_____", "A450_Server_____\A450_Server_____.csproj", "{70AEF273-46C9-4E60-AC97-8AEADA3ED5F7}"
EndProject
Project("{FAE04EC0-301F-11D3-BF4B-00C04F79EFBC}") = "A500_ShogiEngine", "A500_ShogiEngine\A500_ShogiEngine.csproj", "{E96A7341-B8E6-4979-8B2A-94FF2818962C}"
EndProject
Project("{FAE04EC0-301F-11D3-BF4B-00C04F79EFBC}") = "A630_GuiCsharp__", "A630_GuiCsharp__\A630_GuiCsharp__.csproj", "{9593ACC7-348B-4868-892C-7BAFBF925B9D}"
EndProject
Project("{FAE04EC0-301F-11D3-BF4B-00C04F79EFBC}") = "A660_FvWriter___", "A660_FvWriter___\A660_FvWriter___.csproj", "{7CDE26A7-4404-41D0-A1A3-32132B23FBDB}"
EndProject
Project("{FAE04EC0-301F-11D3-BF4B-00C04F79EFBC}") = "A690_FvLearn____", "A690_FvLearn____\A690_FvLearn____.csproj", "{974BA7C3-37B5-4575-9349-9E44CFECF2D6}"
EndProject
Project("{FAE04EC0-301F-11D3-BF4B-00C04F79EFBC}") = "A780_SgSyugoTest", "A780_SgSyugoTest\A780_SgSyugoTest.csproj", "{52C00B8B-9FDD-4F0F-9570-6641EF65086E}"
EndProject
Project("{FAE04EC0-301F-11D3-BF4B-00C04F79EFBC}") = "A800_GuiCsharpVs", "A800_GuiCsharpVs\A800_GuiCsharpVs.csproj", "{F021F9E5-8184-4B45-83AC-117CEF77F77A}"
EndProject
Project("{FAE04EC0-301F-11D3-BF4B-00C04F79EFBC}") = "A890_SampleGame", "A890_SampleGame\A890_SampleGame.csproj", "{FC876110-BD0B-483D-8A64-350582B529F3}"
EndProject
Project("{FAE04EC0-301F-11D3-BF4B-00C04F79EFBC}") = "A950_UnitTest___", "A950_UnitTest___\A950_UnitTest___.csproj", "{12A201DF-1210-4EEC-93C2-5D38D01FF097}"
EndProject
Global
	GlobalSection(SolutionConfigurationPlatforms) = preSolution
		Debug|Any CPU = Debug|Any CPU
		Debug|Mixed Platforms = Debug|Mixed Platforms
		Debug|x64 = Debug|x64
		LEARN|Any CPU = LEARN|Any CPU
		LEARN|Mixed Platforms = LEARN|Mixed Platforms
		LEARN|x64 = LEARN|x64
		Release|Any CPU = Release|Any CPU
		Release|Mixed Platforms = Release|Mixed Platforms
		Release|x64 = Release|x64
	EndGlobalSection
	GlobalSection(ProjectConfigurationPlatforms) = postSolution
		{147B11E0-827B-4D3F-844C-ADF2BEAFA53F}.Debug|Any CPU.ActiveCfg = Debug|Any CPU
		{147B11E0-827B-4D3F-844C-ADF2BEAFA53F}.Debug|Any CPU.Build.0 = Debug|Any CPU
		{147B11E0-827B-4D3F-844C-ADF2BEAFA53F}.Debug|Mixed Platforms.ActiveCfg = Debug|Any CPU
		{147B11E0-827B-4D3F-844C-ADF2BEAFA53F}.Debug|Mixed Platforms.Build.0 = Debug|Any CPU
		{147B11E0-827B-4D3F-844C-ADF2BEAFA53F}.Debug|x64.ActiveCfg = Debug|Any CPU
		{147B11E0-827B-4D3F-844C-ADF2BEAFA53F}.Debug|x64.Build.0 = Debug|Any CPU
		{147B11E0-827B-4D3F-844C-ADF2BEAFA53F}.LEARN|Any CPU.ActiveCfg = LEARN|Any CPU
		{147B11E0-827B-4D3F-844C-ADF2BEAFA53F}.LEARN|Any CPU.Build.0 = LEARN|Any CPU
		{147B11E0-827B-4D3F-844C-ADF2BEAFA53F}.LEARN|Mixed Platforms.ActiveCfg = LEARN|Any CPU
		{147B11E0-827B-4D3F-844C-ADF2BEAFA53F}.LEARN|Mixed Platforms.Build.0 = LEARN|Any CPU
		{147B11E0-827B-4D3F-844C-ADF2BEAFA53F}.LEARN|x64.ActiveCfg = LEARN|Any CPU
		{147B11E0-827B-4D3F-844C-ADF2BEAFA53F}.LEARN|x64.Build.0 = LEARN|Any CPU
		{147B11E0-827B-4D3F-844C-ADF2BEAFA53F}.Release|Any CPU.ActiveCfg = Release|Any CPU
		{147B11E0-827B-4D3F-844C-ADF2BEAFA53F}.Release|Any CPU.Build.0 = Release|Any CPU
		{147B11E0-827B-4D3F-844C-ADF2BEAFA53F}.Release|Mixed Platforms.ActiveCfg = Release|Any CPU
		{147B11E0-827B-4D3F-844C-ADF2BEAFA53F}.Release|Mixed Platforms.Build.0 = Release|Any CPU
		{147B11E0-827B-4D3F-844C-ADF2BEAFA53F}.Release|x64.ActiveCfg = Release|Any CPU
		{147B11E0-827B-4D3F-844C-ADF2BEAFA53F}.Release|x64.Build.0 = Release|Any CPU
		{5D5136E3-CCB5-4DFD-9A62-738079B454CD}.Debug|Any CPU.ActiveCfg = Debug|Any CPU
		{5D5136E3-CCB5-4DFD-9A62-738079B454CD}.Debug|Any CPU.Build.0 = Debug|Any CPU
		{5D5136E3-CCB5-4DFD-9A62-738079B454CD}.Debug|Mixed Platforms.ActiveCfg = Debug|Any CPU
		{5D5136E3-CCB5-4DFD-9A62-738079B454CD}.Debug|Mixed Platforms.Build.0 = Debug|Any CPU
		{5D5136E3-CCB5-4DFD-9A62-738079B454CD}.Debug|x64.ActiveCfg = Debug|Any CPU
		{5D5136E3-CCB5-4DFD-9A62-738079B454CD}.Debug|x64.Build.0 = Debug|Any CPU
		{5D5136E3-CCB5-4DFD-9A62-738079B454CD}.LEARN|Any CPU.ActiveCfg = Release|Any CPU
		{5D5136E3-CCB5-4DFD-9A62-738079B454CD}.LEARN|Any CPU.Build.0 = Release|Any CPU
		{5D5136E3-CCB5-4DFD-9A62-738079B454CD}.LEARN|Mixed Platforms.ActiveCfg = Release|Any CPU
		{5D5136E3-CCB5-4DFD-9A62-738079B454CD}.LEARN|Mixed Platforms.Build.0 = Release|Any CPU
		{5D5136E3-CCB5-4DFD-9A62-738079B454CD}.LEARN|x64.ActiveCfg = Release|Any CPU
		{5D5136E3-CCB5-4DFD-9A62-738079B454CD}.LEARN|x64.Build.0 = Release|Any CPU
		{5D5136E3-CCB5-4DFD-9A62-738079B454CD}.Release|Any CPU.ActiveCfg = Release|Any CPU
		{5D5136E3-CCB5-4DFD-9A62-738079B454CD}.Release|Any CPU.Build.0 = Release|Any CPU
		{5D5136E3-CCB5-4DFD-9A62-738079B454CD}.Release|Mixed Platforms.ActiveCfg = Release|Any CPU
		{5D5136E3-CCB5-4DFD-9A62-738079B454CD}.Release|Mixed Platforms.Build.0 = Release|Any CPU
		{5D5136E3-CCB5-4DFD-9A62-738079B454CD}.Release|x64.ActiveCfg = Release|Any CPU
		{5D5136E3-CCB5-4DFD-9A62-738079B454CD}.Release|x64.Build.0 = Release|Any CPU
		{8AC05075-A6EF-4779-B18C-3D0E801A4BCD}.Debug|Any CPU.ActiveCfg = Debug|Any CPU
		{8AC05075-A6EF-4779-B18C-3D0E801A4BCD}.Debug|Any CPU.Build.0 = Debug|Any CPU
		{8AC05075-A6EF-4779-B18C-3D0E801A4BCD}.Debug|Mixed Platforms.ActiveCfg = Debug|Any CPU
		{8AC05075-A6EF-4779-B18C-3D0E801A4BCD}.Debug|Mixed Platforms.Build.0 = Debug|Any CPU
		{8AC05075-A6EF-4779-B18C-3D0E801A4BCD}.Debug|x64.ActiveCfg = Debug|Any CPU
		{8AC05075-A6EF-4779-B18C-3D0E801A4BCD}.Debug|x64.Build.0 = Debug|Any CPU
		{8AC05075-A6EF-4779-B18C-3D0E801A4BCD}.LEARN|Any CPU.ActiveCfg = Release|Any CPU
		{8AC05075-A6EF-4779-B18C-3D0E801A4BCD}.LEARN|Any CPU.Build.0 = Release|Any CPU
		{8AC05075-A6EF-4779-B18C-3D0E801A4BCD}.LEARN|Mixed Platforms.ActiveCfg = Release|Any CPU
		{8AC05075-A6EF-4779-B18C-3D0E801A4BCD}.LEARN|Mixed Platforms.Build.0 = Release|Any CPU
		{8AC05075-A6EF-4779-B18C-3D0E801A4BCD}.LEARN|x64.ActiveCfg = Release|Any CPU
		{8AC05075-A6EF-4779-B18C-3D0E801A4BCD}.LEARN|x64.Build.0 = Release|Any CPU
		{8AC05075-A6EF-4779-B18C-3D0E801A4BCD}.Release|Any CPU.ActiveCfg = Release|Any CPU
		{8AC05075-A6EF-4779-B18C-3D0E801A4BCD}.Release|Any CPU.Build.0 = Release|Any CPU
		{8AC05075-A6EF-4779-B18C-3D0E801A4BCD}.Release|Mixed Platforms.ActiveCfg = Release|Any CPU
		{8AC05075-A6EF-4779-B18C-3D0E801A4BCD}.Release|Mixed Platforms.Build.0 = Release|Any CPU
		{8AC05075-A6EF-4779-B18C-3D0E801A4BCD}.Release|x64.ActiveCfg = Release|Any CPU
		{8AC05075-A6EF-4779-B18C-3D0E801A4BCD}.Release|x64.Build.0 = Release|Any CPU
		{EAAE7F89-1539-4AFF-BAC6-5E9004AD427E}.Debug|Any CPU.ActiveCfg = Debug|Any CPU
		{EAAE7F89-1539-4AFF-BAC6-5E9004AD427E}.Debug|Any CPU.Build.0 = Debug|Any CPU
		{EAAE7F89-1539-4AFF-BAC6-5E9004AD427E}.Debug|Mixed Platforms.ActiveCfg = Debug|Any CPU
		{EAAE7F89-1539-4AFF-BAC6-5E9004AD427E}.Debug|Mixed Platforms.Build.0 = Debug|Any CPU
		{EAAE7F89-1539-4AFF-BAC6-5E9004AD427E}.Debug|x64.ActiveCfg = Debug|Any CPU
		{EAAE7F89-1539-4AFF-BAC6-5E9004AD427E}.Debug|x64.Build.0 = Debug|Any CPU
		{EAAE7F89-1539-4AFF-BAC6-5E9004AD427E}.LEARN|Any CPU.ActiveCfg = Release|Any CPU
		{EAAE7F89-1539-4AFF-BAC6-5E9004AD427E}.LEARN|Any CPU.Build.0 = Release|Any CPU
		{EAAE7F89-1539-4AFF-BAC6-5E9004AD427E}.LEARN|Mixed Platforms.ActiveCfg = Release|Any CPU
		{EAAE7F89-1539-4AFF-BAC6-5E9004AD427E}.LEARN|Mixed Platforms.Build.0 = Release|Any CPU
		{EAAE7F89-1539-4AFF-BAC6-5E9004AD427E}.LEARN|x64.ActiveCfg = Release|Any CPU
		{EAAE7F89-1539-4AFF-BAC6-5E9004AD427E}.LEARN|x64.Build.0 = Release|Any CPU
		{EAAE7F89-1539-4AFF-BAC6-5E9004AD427E}.Release|Any CPU.ActiveCfg = Release|Any CPU
		{EAAE7F89-1539-4AFF-BAC6-5E9004AD427E}.Release|Any CPU.Build.0 = Release|Any CPU
		{EAAE7F89-1539-4AFF-BAC6-5E9004AD427E}.Release|Mixed Platforms.ActiveCfg = Release|Any CPU
		{EAAE7F89-1539-4AFF-BAC6-5E9004AD427E}.Release|Mixed Platforms.Build.0 = Release|Any CPU
		{EAAE7F89-1539-4AFF-BAC6-5E9004AD427E}.Release|x64.ActiveCfg = Release|Any CPU
		{EAAE7F89-1539-4AFF-BAC6-5E9004AD427E}.Release|x64.Build.0 = Release|Any CPU
		{B0982362-AB7F-45A6-AF5F-C9FDFA49F9DD}.Debug|Any CPU.ActiveCfg = Debug|Any CPU
		{B0982362-AB7F-45A6-AF5F-C9FDFA49F9DD}.Debug|Any CPU.Build.0 = Debug|Any CPU
		{B0982362-AB7F-45A6-AF5F-C9FDFA49F9DD}.Debug|Mixed Platforms.ActiveCfg = Debug|Any CPU
		{B0982362-AB7F-45A6-AF5F-C9FDFA49F9DD}.Debug|Mixed Platforms.Build.0 = Debug|Any CPU
		{B0982362-AB7F-45A6-AF5F-C9FDFA49F9DD}.Debug|x64.ActiveCfg = Debug|Any CPU
		{B0982362-AB7F-45A6-AF5F-C9FDFA49F9DD}.Debug|x64.Build.0 = Debug|Any CPU
		{B0982362-AB7F-45A6-AF5F-C9FDFA49F9DD}.LEARN|Any CPU.ActiveCfg = LEARN|Any CPU
		{B0982362-AB7F-45A6-AF5F-C9FDFA49F9DD}.LEARN|Any CPU.Build.0 = LEARN|Any CPU
		{B0982362-AB7F-45A6-AF5F-C9FDFA49F9DD}.LEARN|Mixed Platforms.ActiveCfg = LEARN|Any CPU
		{B0982362-AB7F-45A6-AF5F-C9FDFA49F9DD}.LEARN|Mixed Platforms.Build.0 = LEARN|Any CPU
		{B0982362-AB7F-45A6-AF5F-C9FDFA49F9DD}.LEARN|x64.ActiveCfg = LEARN|Any CPU
		{B0982362-AB7F-45A6-AF5F-C9FDFA49F9DD}.LEARN|x64.Build.0 = LEARN|Any CPU
		{B0982362-AB7F-45A6-AF5F-C9FDFA49F9DD}.Release|Any CPU.ActiveCfg = Release|Any CPU
		{B0982362-AB7F-45A6-AF5F-C9FDFA49F9DD}.Release|Any CPU.Build.0 = Release|Any CPU
		{B0982362-AB7F-45A6-AF5F-C9FDFA49F9DD}.Release|Mixed Platforms.ActiveCfg = Release|Any CPU
		{B0982362-AB7F-45A6-AF5F-C9FDFA49F9DD}.Release|Mixed Platforms.Build.0 = Release|Any CPU
		{B0982362-AB7F-45A6-AF5F-C9FDFA49F9DD}.Release|x64.ActiveCfg = Release|Any CPU
		{B0982362-AB7F-45A6-AF5F-C9FDFA49F9DD}.Release|x64.Build.0 = Release|Any CPU
		{6F26BAE0-8E17-4FDA-A242-D1D7C4DB2507}.Debug|Any CPU.ActiveCfg = Debug|Any CPU
		{6F26BAE0-8E17-4FDA-A242-D1D7C4DB2507}.Debug|Any CPU.Build.0 = Debug|Any CPU
		{6F26BAE0-8E17-4FDA-A242-D1D7C4DB2507}.Debug|Mixed Platforms.ActiveCfg = Debug|Any CPU
		{6F26BAE0-8E17-4FDA-A242-D1D7C4DB2507}.Debug|Mixed Platforms.Build.0 = Debug|Any CPU
		{6F26BAE0-8E17-4FDA-A242-D1D7C4DB2507}.Debug|x64.ActiveCfg = Debug|Any CPU
		{6F26BAE0-8E17-4FDA-A242-D1D7C4DB2507}.Debug|x64.Build.0 = Debug|Any CPU
		{6F26BAE0-8E17-4FDA-A242-D1D7C4DB2507}.LEARN|Any CPU.ActiveCfg = LEARN|Any CPU
		{6F26BAE0-8E17-4FDA-A242-D1D7C4DB2507}.LEARN|Any CPU.Build.0 = LEARN|Any CPU
		{6F26BAE0-8E17-4FDA-A242-D1D7C4DB2507}.LEARN|Mixed Platforms.ActiveCfg = LEARN|Any CPU
		{6F26BAE0-8E17-4FDA-A242-D1D7C4DB2507}.LEARN|Mixed Platforms.Build.0 = LEARN|Any CPU
		{6F26BAE0-8E17-4FDA-A242-D1D7C4DB2507}.LEARN|x64.ActiveCfg = LEARN|Any CPU
		{6F26BAE0-8E17-4FDA-A242-D1D7C4DB2507}.LEARN|x64.Build.0 = LEARN|Any CPU
		{6F26BAE0-8E17-4FDA-A242-D1D7C4DB2507}.Release|Any CPU.ActiveCfg = Release|Any CPU
		{6F26BAE0-8E17-4FDA-A242-D1D7C4DB2507}.Release|Any CPU.Build.0 = Release|Any CPU
		{6F26BAE0-8E17-4FDA-A242-D1D7C4DB2507}.Release|Mixed Platforms.ActiveCfg = Release|Any CPU
		{6F26BAE0-8E17-4FDA-A242-D1D7C4DB2507}.Release|Mixed Platforms.Build.0 = Release|Any CPU
		{6F26BAE0-8E17-4FDA-A242-D1D7C4DB2507}.Release|x64.ActiveCfg = Release|Any CPU
		{6F26BAE0-8E17-4FDA-A242-D1D7C4DB2507}.Release|x64.Build.0 = Release|Any CPU
		{ABED6201-9999-44CD-A91B-4CA01CC89006}.Debug|Any CPU.ActiveCfg = Debug|Any CPU
		{ABED6201-9999-44CD-A91B-4CA01CC89006}.Debug|Any CPU.Build.0 = Debug|Any CPU
		{ABED6201-9999-44CD-A91B-4CA01CC89006}.Debug|Mixed Platforms.ActiveCfg = Debug|Any CPU
		{ABED6201-9999-44CD-A91B-4CA01CC89006}.Debug|Mixed Platforms.Build.0 = Debug|Any CPU
		{ABED6201-9999-44CD-A91B-4CA01CC89006}.Debug|x64.ActiveCfg = Debug|Any CPU
		{ABED6201-9999-44CD-A91B-4CA01CC89006}.Debug|x64.Build.0 = Debug|Any CPU
		{ABED6201-9999-44CD-A91B-4CA01CC89006}.LEARN|Any CPU.ActiveCfg = LEARN|Any CPU
		{ABED6201-9999-44CD-A91B-4CA01CC89006}.LEARN|Any CPU.Build.0 = LEARN|Any CPU
		{ABED6201-9999-44CD-A91B-4CA01CC89006}.LEARN|Mixed Platforms.ActiveCfg = LEARN|Any CPU
		{ABED6201-9999-44CD-A91B-4CA01CC89006}.LEARN|Mixed Platforms.Build.0 = LEARN|Any CPU
		{ABED6201-9999-44CD-A91B-4CA01CC89006}.LEARN|x64.ActiveCfg = LEARN|Any CPU
		{ABED6201-9999-44CD-A91B-4CA01CC89006}.LEARN|x64.Build.0 = LEARN|Any CPU
		{ABED6201-9999-44CD-A91B-4CA01CC89006}.Release|Any CPU.ActiveCfg = Release|Any CPU
		{ABED6201-9999-44CD-A91B-4CA01CC89006}.Release|Any CPU.Build.0 = Release|Any CPU
		{ABED6201-9999-44CD-A91B-4CA01CC89006}.Release|Mixed Platforms.ActiveCfg = Release|Any CPU
		{ABED6201-9999-44CD-A91B-4CA01CC89006}.Release|Mixed Platforms.Build.0 = Release|Any CPU
		{ABED6201-9999-44CD-A91B-4CA01CC89006}.Release|x64.ActiveCfg = Release|Any CPU
		{ABED6201-9999-44CD-A91B-4CA01CC89006}.Release|x64.Build.0 = Release|Any CPU
		{2CFB37AE-2D9E-4478-ABD8-1EAAAF98F223}.Debug|Any CPU.ActiveCfg = Debug|Any CPU
		{2CFB37AE-2D9E-4478-ABD8-1EAAAF98F223}.Debug|Any CPU.Build.0 = Debug|Any CPU
		{2CFB37AE-2D9E-4478-ABD8-1EAAAF98F223}.Debug|Mixed Platforms.ActiveCfg = Debug|Any CPU
		{2CFB37AE-2D9E-4478-ABD8-1EAAAF98F223}.Debug|Mixed Platforms.Build.0 = Debug|Any CPU
		{2CFB37AE-2D9E-4478-ABD8-1EAAAF98F223}.Debug|x64.ActiveCfg = Debug|Any CPU
		{2CFB37AE-2D9E-4478-ABD8-1EAAAF98F223}.Debug|x64.Build.0 = Debug|Any CPU
		{2CFB37AE-2D9E-4478-ABD8-1EAAAF98F223}.LEARN|Any CPU.ActiveCfg = LEARN|Any CPU
		{2CFB37AE-2D9E-4478-ABD8-1EAAAF98F223}.LEARN|Any CPU.Build.0 = LEARN|Any CPU
		{2CFB37AE-2D9E-4478-ABD8-1EAAAF98F223}.LEARN|Mixed Platforms.ActiveCfg = LEARN|Any CPU
		{2CFB37AE-2D9E-4478-ABD8-1EAAAF98F223}.LEARN|Mixed Platforms.Build.0 = LEARN|Any CPU
		{2CFB37AE-2D9E-4478-ABD8-1EAAAF98F223}.LEARN|x64.ActiveCfg = LEARN|Any CPU
		{2CFB37AE-2D9E-4478-ABD8-1EAAAF98F223}.LEARN|x64.Build.0 = LEARN|Any CPU
		{2CFB37AE-2D9E-4478-ABD8-1EAAAF98F223}.Release|Any CPU.ActiveCfg = Release|Any CPU
		{2CFB37AE-2D9E-4478-ABD8-1EAAAF98F223}.Release|Any CPU.Build.0 = Release|Any CPU
		{2CFB37AE-2D9E-4478-ABD8-1EAAAF98F223}.Release|Mixed Platforms.ActiveCfg = Release|Any CPU
		{2CFB37AE-2D9E-4478-ABD8-1EAAAF98F223}.Release|Mixed Platforms.Build.0 = Release|Any CPU
		{2CFB37AE-2D9E-4478-ABD8-1EAAAF98F223}.Release|x64.ActiveCfg = Release|Any CPU
		{2CFB37AE-2D9E-4478-ABD8-1EAAAF98F223}.Release|x64.Build.0 = Release|Any CPU
		{70AEF273-46C9-4E60-AC97-8AEADA3ED5F7}.Debug|Any CPU.ActiveCfg = Debug|Any CPU
		{70AEF273-46C9-4E60-AC97-8AEADA3ED5F7}.Debug|Any CPU.Build.0 = Debug|Any CPU
		{70AEF273-46C9-4E60-AC97-8AEADA3ED5F7}.Debug|Mixed Platforms.ActiveCfg = Debug|Any CPU
		{70AEF273-46C9-4E60-AC97-8AEADA3ED5F7}.Debug|Mixed Platforms.Build.0 = Debug|Any CPU
		{70AEF273-46C9-4E60-AC97-8AEADA3ED5F7}.Debug|x64.ActiveCfg = Debug|Any CPU
		{70AEF273-46C9-4E60-AC97-8AEADA3ED5F7}.Debug|x64.Build.0 = Debug|Any CPU
		{70AEF273-46C9-4E60-AC97-8AEADA3ED5F7}.LEARN|Any CPU.ActiveCfg = LEARN|Any CPU
		{70AEF273-46C9-4E60-AC97-8AEADA3ED5F7}.LEARN|Any CPU.Build.0 = LEARN|Any CPU
		{70AEF273-46C9-4E60-AC97-8AEADA3ED5F7}.LEARN|Mixed Platforms.ActiveCfg = LEARN|Any CPU
		{70AEF273-46C9-4E60-AC97-8AEADA3ED5F7}.LEARN|Mixed Platforms.Build.0 = LEARN|Any CPU
		{70AEF273-46C9-4E60-AC97-8AEADA3ED5F7}.LEARN|x64.ActiveCfg = LEARN|Any CPU
		{70AEF273-46C9-4E60-AC97-8AEADA3ED5F7}.LEARN|x64.Build.0 = LEARN|Any CPU
		{70AEF273-46C9-4E60-AC97-8AEADA3ED5F7}.Release|Any CPU.ActiveCfg = Release|Any CPU
		{70AEF273-46C9-4E60-AC97-8AEADA3ED5F7}.Release|Any CPU.Build.0 = Release|Any CPU
		{70AEF273-46C9-4E60-AC97-8AEADA3ED5F7}.Release|Mixed Platforms.ActiveCfg = Release|Any CPU
		{70AEF273-46C9-4E60-AC97-8AEADA3ED5F7}.Release|Mixed Platforms.Build.0 = Release|Any CPU
		{70AEF273-46C9-4E60-AC97-8AEADA3ED5F7}.Release|x64.ActiveCfg = Release|Any CPU
		{70AEF273-46C9-4E60-AC97-8AEADA3ED5F7}.Release|x64.Build.0 = Release|Any CPU
		{E96A7341-B8E6-4979-8B2A-94FF2818962C}.Debug|Any CPU.ActiveCfg = Debug|Any CPU
		{E96A7341-B8E6-4979-8B2A-94FF2818962C}.Debug|Any CPU.Build.0 = Debug|Any CPU
		{E96A7341-B8E6-4979-8B2A-94FF2818962C}.Debug|Mixed Platforms.ActiveCfg = Debug|Any CPU
		{E96A7341-B8E6-4979-8B2A-94FF2818962C}.Debug|Mixed Platforms.Build.0 = Debug|Any CPU
		{E96A7341-B8E6-4979-8B2A-94FF2818962C}.Debug|x64.ActiveCfg = Debug|Any CPU
		{E96A7341-B8E6-4979-8B2A-94FF2818962C}.Debug|x64.Build.0 = Debug|Any CPU
		{E96A7341-B8E6-4979-8B2A-94FF2818962C}.LEARN|Any CPU.ActiveCfg = LEARN|Any CPU
		{E96A7341-B8E6-4979-8B2A-94FF2818962C}.LEARN|Any CPU.Build.0 = LEARN|Any CPU
		{E96A7341-B8E6-4979-8B2A-94FF2818962C}.LEARN|Mixed Platforms.ActiveCfg = LEARN|Any CPU
		{E96A7341-B8E6-4979-8B2A-94FF2818962C}.LEARN|Mixed Platforms.Build.0 = LEARN|Any CPU
		{E96A7341-B8E6-4979-8B2A-94FF2818962C}.LEARN|x64.ActiveCfg = LEARN|Any CPU
		{E96A7341-B8E6-4979-8B2A-94FF2818962C}.LEARN|x64.Build.0 = LEARN|Any CPU
		{E96A7341-B8E6-4979-8B2A-94FF2818962C}.Release|Any CPU.ActiveCfg = Release|Any CPU
		{E96A7341-B8E6-4979-8B2A-94FF2818962C}.Release|Any CPU.Build.0 = Release|Any CPU
		{E96A7341-B8E6-4979-8B2A-94FF2818962C}.Release|Mixed Platforms.ActiveCfg = Release|Any CPU
		{E96A7341-B8E6-4979-8B2A-94FF2818962C}.Release|Mixed Platforms.Build.0 = Release|Any CPU
		{E96A7341-B8E6-4979-8B2A-94FF2818962C}.Release|x64.ActiveCfg = Release|Any CPU
		{E96A7341-B8E6-4979-8B2A-94FF2818962C}.Release|x64.Build.0 = Release|Any CPU
		{9593ACC7-348B-4868-892C-7BAFBF925B9D}.Debug|Any CPU.ActiveCfg = Debug|Any CPU
		{9593ACC7-348B-4868-892C-7BAFBF925B9D}.Debug|Any CPU.Build.0 = Debug|Any CPU
		{9593ACC7-348B-4868-892C-7BAFBF925B9D}.Debug|Mixed Platforms.ActiveCfg = Debug|Any CPU
		{9593ACC7-348B-4868-892C-7BAFBF925B9D}.Debug|Mixed Platforms.Build.0 = Debug|Any CPU
		{9593ACC7-348B-4868-892C-7BAFBF925B9D}.Debug|x64.ActiveCfg = Debug|Any CPU
		{9593ACC7-348B-4868-892C-7BAFBF925B9D}.Debug|x64.Build.0 = Debug|Any CPU
		{9593ACC7-348B-4868-892C-7BAFBF925B9D}.LEARN|Any CPU.ActiveCfg = LEARN|Any CPU
		{9593ACC7-348B-4868-892C-7BAFBF925B9D}.LEARN|Any CPU.Build.0 = LEARN|Any CPU
		{9593ACC7-348B-4868-892C-7BAFBF925B9D}.LEARN|Mixed Platforms.ActiveCfg = LEARN|Any CPU
		{9593ACC7-348B-4868-892C-7BAFBF925B9D}.LEARN|Mixed Platforms.Build.0 = LEARN|Any CPU
		{9593ACC7-348B-4868-892C-7BAFBF925B9D}.LEARN|x64.ActiveCfg = LEARN|Any CPU
		{9593ACC7-348B-4868-892C-7BAFBF925B9D}.LEARN|x64.Build.0 = LEARN|Any CPU
		{9593ACC7-348B-4868-892C-7BAFBF925B9D}.Release|Any CPU.ActiveCfg = Release|Any CPU
		{9593ACC7-348B-4868-892C-7BAFBF925B9D}.Release|Any CPU.Build.0 = Release|Any CPU
		{9593ACC7-348B-4868-892C-7BAFBF925B9D}.Release|Mixed Platforms.ActiveCfg = Release|Any CPU
		{9593ACC7-348B-4868-892C-7BAFBF925B9D}.Release|Mixed Platforms.Build.0 = Release|Any CPU
		{9593ACC7-348B-4868-892C-7BAFBF925B9D}.Release|x64.ActiveCfg = Release|Any CPU
		{9593ACC7-348B-4868-892C-7BAFBF925B9D}.Release|x64.Build.0 = Release|Any CPU
		{7CDE26A7-4404-41D0-A1A3-32132B23FBDB}.Debug|Any CPU.ActiveCfg = Debug|Any CPU
		{7CDE26A7-4404-41D0-A1A3-32132B23FBDB}.Debug|Any CPU.Build.0 = Debug|Any CPU
		{7CDE26A7-4404-41D0-A1A3-32132B23FBDB}.Debug|Mixed Platforms.ActiveCfg = Debug|Any CPU
		{7CDE26A7-4404-41D0-A1A3-32132B23FBDB}.Debug|Mixed Platforms.Build.0 = Debug|Any CPU
		{7CDE26A7-4404-41D0-A1A3-32132B23FBDB}.Debug|x64.ActiveCfg = Debug|Any CPU
		{7CDE26A7-4404-41D0-A1A3-32132B23FBDB}.Debug|x64.Build.0 = Debug|Any CPU
		{7CDE26A7-4404-41D0-A1A3-32132B23FBDB}.LEARN|Any CPU.ActiveCfg = LEARN|Any CPU
		{7CDE26A7-4404-41D0-A1A3-32132B23FBDB}.LEARN|Any CPU.Build.0 = LEARN|Any CPU
		{7CDE26A7-4404-41D0-A1A3-32132B23FBDB}.LEARN|Mixed Platforms.ActiveCfg = LEARN|Any CPU
		{7CDE26A7-4404-41D0-A1A3-32132B23FBDB}.LEARN|Mixed Platforms.Build.0 = LEARN|Any CPU
		{7CDE26A7-4404-41D0-A1A3-32132B23FBDB}.LEARN|x64.ActiveCfg = LEARN|Any CPU
		{7CDE26A7-4404-41D0-A1A3-32132B23FBDB}.LEARN|x64.Build.0 = LEARN|Any CPU
		{7CDE26A7-4404-41D0-A1A3-32132B23FBDB}.Release|Any CPU.ActiveCfg = Release|Any CPU
		{7CDE26A7-4404-41D0-A1A3-32132B23FBDB}.Release|Any CPU.Build.0 = Release|Any CPU
		{7CDE26A7-4404-41D0-A1A3-32132B23FBDB}.Release|Mixed Platforms.ActiveCfg = Release|Any CPU
		{7CDE26A7-4404-41D0-A1A3-32132B23FBDB}.Release|Mixed Platforms.Build.0 = Release|Any CPU
		{7CDE26A7-4404-41D0-A1A3-32132B23FBDB}.Release|x64.ActiveCfg = Release|Any CPU
		{7CDE26A7-4404-41D0-A1A3-32132B23FBDB}.Release|x64.Build.0 = Release|Any CPU
		{974BA7C3-37B5-4575-9349-9E44CFECF2D6}.Debug|Any CPU.ActiveCfg = Debug|Any CPU
		{974BA7C3-37B5-4575-9349-9E44CFECF2D6}.Debug|Any CPU.Build.0 = Debug|Any CPU
		{974BA7C3-37B5-4575-9349-9E44CFECF2D6}.Debug|Mixed Platforms.ActiveCfg = Debug|Any CPU
		{974BA7C3-37B5-4575-9349-9E44CFECF2D6}.Debug|Mixed Platforms.Build.0 = Debug|Any CPU
		{974BA7C3-37B5-4575-9349-9E44CFECF2D6}.Debug|x64.ActiveCfg = Debug|Any CPU
		{974BA7C3-37B5-4575-9349-9E44CFECF2D6}.Debug|x64.Build.0 = Debug|Any CPU
		{974BA7C3-37B5-4575-9349-9E44CFECF2D6}.LEARN|Any CPU.ActiveCfg = LEARN|Any CPU
		{974BA7C3-37B5-4575-9349-9E44CFECF2D6}.LEARN|Any CPU.Build.0 = LEARN|Any CPU
		{974BA7C3-37B5-4575-9349-9E44CFECF2D6}.LEARN|Mixed Platforms.ActiveCfg = LEARN|Any CPU
		{974BA7C3-37B5-4575-9349-9E44CFECF2D6}.LEARN|Mixed Platforms.Build.0 = LEARN|Any CPU
		{974BA7C3-37B5-4575-9349-9E44CFECF2D6}.LEARN|x64.ActiveCfg = LEARN|Any CPU
		{974BA7C3-37B5-4575-9349-9E44CFECF2D6}.LEARN|x64.Build.0 = LEARN|Any CPU
		{974BA7C3-37B5-4575-9349-9E44CFECF2D6}.Release|Any CPU.ActiveCfg = Release|Any CPU
		{974BA7C3-37B5-4575-9349-9E44CFECF2D6}.Release|Any CPU.Build.0 = Release|Any CPU
		{974BA7C3-37B5-4575-9349-9E44CFECF2D6}.Release|Mixed Platforms.ActiveCfg = Release|Any CPU
		{974BA7C3-37B5-4575-9349-9E44CFECF2D6}.Release|Mixed Platforms.Build.0 = Release|Any CPU
		{974BA7C3-37B5-4575-9349-9E44CFECF2D6}.Release|x64.ActiveCfg = Release|Any CPU
		{974BA7C3-37B5-4575-9349-9E44CFECF2D6}.Release|x64.Build.0 = Release|Any CPU
		{52C00B8B-9FDD-4F0F-9570-6641EF65086E}.Debug|Any CPU.ActiveCfg = Debug|Any CPU
		{52C00B8B-9FDD-4F0F-9570-6641EF65086E}.Debug|Any CPU.Build.0 = Debug|Any CPU
		{52C00B8B-9FDD-4F0F-9570-6641EF65086E}.Debug|Mixed Platforms.ActiveCfg = Debug|Any CPU
		{52C00B8B-9FDD-4F0F-9570-6641EF65086E}.Debug|Mixed Platforms.Build.0 = Debug|Any CPU
		{52C00B8B-9FDD-4F0F-9570-6641EF65086E}.Debug|x64.ActiveCfg = Debug|Any CPU
		{52C00B8B-9FDD-4F0F-9570-6641EF65086E}.Debug|x64.Build.0 = Debug|Any CPU
		{52C00B8B-9FDD-4F0F-9570-6641EF65086E}.LEARN|Any CPU.ActiveCfg = LEARN|Any CPU
		{52C00B8B-9FDD-4F0F-9570-6641EF65086E}.LEARN|Any CPU.Build.0 = LEARN|Any CPU
		{52C00B8B-9FDD-4F0F-9570-6641EF65086E}.LEARN|Mixed Platforms.ActiveCfg = LEARN|Any CPU
		{52C00B8B-9FDD-4F0F-9570-6641EF65086E}.LEARN|Mixed Platforms.Build.0 = LEARN|Any CPU
		{52C00B8B-9FDD-4F0F-9570-6641EF65086E}.LEARN|x64.ActiveCfg = LEARN|Any CPU
		{52C00B8B-9FDD-4F0F-9570-6641EF65086E}.LEARN|x64.Build.0 = LEARN|Any CPU
		{52C00B8B-9FDD-4F0F-9570-6641EF65086E}.Release|Any CPU.ActiveCfg = Release|Any CPU
		{52C00B8B-9FDD-4F0F-9570-6641EF65086E}.Release|Any CPU.Build.0 = Release|Any CPU
		{52C00B8B-9FDD-4F0F-9570-6641EF65086E}.Release|Mixed Platforms.ActiveCfg = Release|Any CPU
		{52C00B8B-9FDD-4F0F-9570-6641EF65086E}.Release|Mixed Platforms.Build.0 = Release|Any CPU
		{52C00B8B-9FDD-4F0F-9570-6641EF65086E}.Release|x64.ActiveCfg = Release|Any CPU
		{52C00B8B-9FDD-4F0F-9570-6641EF65086E}.Release|x64.Build.0 = Release|Any CPU
		{F021F9E5-8184-4B45-83AC-117CEF77F77A}.Debug|Any CPU.ActiveCfg = Debug|Any CPU
		{F021F9E5-8184-4B45-83AC-117CEF77F77A}.Debug|Any CPU.Build.0 = Debug|Any CPU
		{F021F9E5-8184-4B45-83AC-117CEF77F77A}.Debug|Mixed Platforms.ActiveCfg = Debug|Any CPU
		{F021F9E5-8184-4B45-83AC-117CEF77F77A}.Debug|Mixed Platforms.Build.0 = Debug|Any CPU
		{F021F9E5-8184-4B45-83AC-117CEF77F77A}.Debug|x64.ActiveCfg = Debug|Any CPU
		{F021F9E5-8184-4B45-83AC-117CEF77F77A}.Debug|x64.Build.0 = Debug|Any CPU
		{F021F9E5-8184-4B45-83AC-117CEF77F77A}.LEARN|Any CPU.ActiveCfg = LEARN|Any CPU
		{F021F9E5-8184-4B45-83AC-117CEF77F77A}.LEARN|Any CPU.Build.0 = LEARN|Any CPU
		{F021F9E5-8184-4B45-83AC-117CEF77F77A}.LEARN|Mixed Platforms.ActiveCfg = LEARN|Any CPU
		{F021F9E5-8184-4B45-83AC-117CEF77F77A}.LEARN|Mixed Platforms.Build.0 = LEARN|Any CPU
		{F021F9E5-8184-4B45-83AC-117CEF77F77A}.LEARN|x64.ActiveCfg = LEARN|Any CPU
		{F021F9E5-8184-4B45-83AC-117CEF77F77A}.LEARN|x64.Build.0 = LEARN|Any CPU
		{F021F9E5-8184-4B45-83AC-117CEF77F77A}.Release|Any CPU.ActiveCfg = Release|Any CPU
		{F021F9E5-8184-4B45-83AC-117CEF77F77A}.Release|Any CPU.Build.0 = Release|Any CPU
		{F021F9E5-8184-4B45-83AC-117CEF77F77A}.Release|Mixed Platforms.ActiveCfg = Release|Any CPU
		{F021F9E5-8184-4B45-83AC-117CEF77F77A}.Release|Mixed Platforms.Build.0 = Release|Any CPU
		{F021F9E5-8184-4B45-83AC-117CEF77F77A}.Release|x64.ActiveCfg = Release|Any CPU
		{F021F9E5-8184-4B45-83AC-117CEF77F77A}.Release|x64.Build.0 = Release|Any CPU
		{FC876110-BD0B-483D-8A64-350582B529F3}.Debug|Any CPU.ActiveCfg = Debug|Any CPU
		{FC876110-BD0B-483D-8A64-350582B529F3}.Debug|Any CPU.Build.0 = Debug|Any CPU
		{FC876110-BD0B-483D-8A64-350582B529F3}.Debug|Mixed Platforms.ActiveCfg = Debug|Any CPU
		{FC876110-BD0B-483D-8A64-350582B529F3}.Debug|Mixed Platforms.Build.0 = Debug|Any CPU
		{FC876110-BD0B-483D-8A64-350582B529F3}.Debug|x64.ActiveCfg = Debug|Any CPU
		{FC876110-BD0B-483D-8A64-350582B529F3}.Debug|x64.Build.0 = Debug|Any CPU
		{FC876110-BD0B-483D-8A64-350582B529F3}.LEARN|Any CPU.ActiveCfg = Release|Any CPU
		{FC876110-BD0B-483D-8A64-350582B529F3}.LEARN|Any CPU.Build.0 = Release|Any CPU
		{FC876110-BD0B-483D-8A64-350582B529F3}.LEARN|Mixed Platforms.ActiveCfg = Release|Any CPU
		{FC876110-BD0B-483D-8A64-350582B529F3}.LEARN|Mixed Platforms.Build.0 = Release|Any CPU
		{FC876110-BD0B-483D-8A64-350582B529F3}.LEARN|x64.ActiveCfg = Release|Any CPU
		{FC876110-BD0B-483D-8A64-350582B529F3}.LEARN|x64.Build.0 = Release|Any CPU
		{FC876110-BD0B-483D-8A64-350582B529F3}.Release|Any CPU.ActiveCfg = Release|Any CPU
		{FC876110-BD0B-483D-8A64-350582B529F3}.Release|Any CPU.Build.0 = Release|Any CPU
		{FC876110-BD0B-483D-8A64-350582B529F3}.Release|Mixed Platforms.ActiveCfg = Release|Any CPU
		{FC876110-BD0B-483D-8A64-350582B529F3}.Release|Mixed Platforms.Build.0 = Release|Any CPU
		{FC876110-BD0B-483D-8A64-350582B529F3}.Release|x64.ActiveCfg = Release|Any CPU
		{FC876110-BD0B-483D-8A64-350582B529F3}.Release|x64.Build.0 = Release|Any CPU
		{12A201DF-1210-4EEC-93C2-5D38D01FF097}.Debug|Any CPU.ActiveCfg = Debug|Any CPU
		{12A201DF-1210-4EEC-93C2-5D38D01FF097}.Debug|Any CPU.Build.0 = Debug|Any CPU
		{12A201DF-1210-4EEC-93C2-5D38D01FF097}.Debug|Mixed Platforms.ActiveCfg = Debug|Any CPU
		{12A201DF-1210-4EEC-93C2-5D38D01FF097}.Debug|Mixed Platforms.Build.0 = Debug|Any CPU
		{12A201DF-1210-4EEC-93C2-5D38D01FF097}.Debug|x64.ActiveCfg = Debug|Any CPU
		{12A201DF-1210-4EEC-93C2-5D38D01FF097}.Debug|x64.Build.0 = Debug|Any CPU
		{12A201DF-1210-4EEC-93C2-5D38D01FF097}.LEARN|Any CPU.ActiveCfg = Release|Any CPU
		{12A201DF-1210-4EEC-93C2-5D38D01FF097}.LEARN|Any CPU.Build.0 = Release|Any CPU
		{12A201DF-1210-4EEC-93C2-5D38D01FF097}.LEARN|Mixed Platforms.ActiveCfg = Release|Any CPU
		{12A201DF-1210-4EEC-93C2-5D38D01FF097}.LEARN|Mixed Platforms.Build.0 = Release|Any CPU
		{12A201DF-1210-4EEC-93C2-5D38D01FF097}.LEARN|x64.ActiveCfg = Release|Any CPU
		{12A201DF-1210-4EEC-93C2-5D38D01FF097}.LEARN|x64.Build.0 = Release|Any CPU
		{12A201DF-1210-4EEC-93C2-5D38D01FF097}.Release|Any CPU.ActiveCfg = Release|Any CPU
		{12A201DF-1210-4EEC-93C2-5D38D01FF097}.Release|Any CPU.Build.0 = Release|Any CPU
		{12A201DF-1210-4EEC-93C2-5D38D01FF097}.Release|Mixed Platforms.ActiveCfg = Release|Any CPU
		{12A201DF-1210-4EEC-93C2-5D38D01FF097}.Release|Mixed Platforms.Build.0 = Release|Any CPU
		{12A201DF-1210-4EEC-93C2-5D38D01FF097}.Release|x64.ActiveCfg = Release|Any CPU
		{12A201DF-1210-4EEC-93C2-5D38D01FF097}.Release|x64.Build.0 = Release|Any CPU
	EndGlobalSection
	GlobalSection(SolutionProperties) = preSolution
		HideSolutionNode = FALSE
	EndGlobalSection
EndGlobal
