
Microsoft Visual Studio Solution File, Format Version 12.00
# Visual Studio Express 2012 for Windows Desktop
Project("{FAE04EC0-301F-11D3-BF4B-00C04F79EFBC}") = "ComputerPlayer", "ComputerPlayer\ComputerPlayer.csproj", "{A5C66073-731D-4E44-8908-72F47EBBD5B4}"
EndProject
Global
	GlobalSection(SolutionConfigurationPlatforms) = preSolution
		Debug|Any CPU = Debug|Any CPU
		Release|Any CPU = Release|Any CPU
	EndGlobalSection
	GlobalSection(ProjectConfigurationPlatforms) = postSolution
		{A5C66073-731D-4E44-8908-72F47EBBD5B4}.Debug|Any CPU.ActiveCfg = Debug|Any CPU
		{A5C66073-731D-4E44-8908-72F47EBBD5B4}.Debug|Any CPU.Build.0 = Debug|Any CPU
		{A5C66073-731D-4E44-8908-72F47EBBD5B4}.Release|Any CPU.ActiveCfg = Release|Any CPU
		{A5C66073-731D-4E44-8908-72F47EBBD5B4}.Release|Any CPU.Build.0 = Release|Any CPU
	EndGlobalSection
	GlobalSection(SolutionProperties) = preSolution
		HideSolutionNode = FALSE
	EndGlobalSection
EndGlobal
